// !$*UTF8*$!
{
	archiveVersion = 1;
	classes = {
	};
	objectVersion = 50;
	objects = {

/* Begin PBXBuildFile section */
		18588ABF22D7CCFC00A69772 /* AppDelegate.swift in Sources */ = {isa = PBXBuildFile; fileRef = 18588ABE22D7CCFC00A69772 /* AppDelegate.swift */; };
		18588AC122D7CCFC00A69772 /* ViewController.swift in Sources */ = {isa = PBXBuildFile; fileRef = 18588AC022D7CCFC00A69772 /* ViewController.swift */; };
		18588AC422D7CCFC00A69772 /* Main.storyboard in Resources */ = {isa = PBXBuildFile; fileRef = 18588AC222D7CCFC00A69772 /* Main.storyboard */; };
		18588AC722D7CCFC00A69772 /* Emojinal.xcdatamodeld in Sources */ = {isa = PBXBuildFile; fileRef = 18588AC522D7CCFC00A69772 /* Emojinal.xcdatamodeld */; };
		18588AC922D7CCFE00A69772 /* Assets.xcassets in Resources */ = {isa = PBXBuildFile; fileRef = 18588AC822D7CCFE00A69772 /* Assets.xcassets */; };
		18588ACC22D7CCFE00A69772 /* LaunchScreen.storyboard in Resources */ = {isa = PBXBuildFile; fileRef = 18588ACA22D7CCFE00A69772 /* LaunchScreen.storyboard */; };
		18588AD722D7CCFE00A69772 /* EmojinalTests.swift in Sources */ = {isa = PBXBuildFile; fileRef = 18588AD622D7CCFE00A69772 /* EmojinalTests.swift */; };
		18588AE222D7CCFE00A69772 /* EmojinalUITests.swift in Sources */ = {isa = PBXBuildFile; fileRef = 18588AE122D7CCFE00A69772 /* EmojinalUITests.swift */; };
/* End PBXBuildFile section */

/* Begin PBXContainerItemProxy section */
		18588AD322D7CCFE00A69772 /* PBXContainerItemProxy */ = {
			isa = PBXContainerItemProxy;
			containerPortal = 18588AB322D7CCFC00A69772 /* Project object */;
			proxyType = 1;
			remoteGlobalIDString = 18588ABA22D7CCFC00A69772;
			remoteInfo = Emojinal;
		};
		18588ADE22D7CCFE00A69772 /* PBXContainerItemProxy */ = {
			isa = PBXContainerItemProxy;
			containerPortal = 18588AB322D7CCFC00A69772 /* Project object */;
			proxyType = 1;
			remoteGlobalIDString = 18588ABA22D7CCFC00A69772;
			remoteInfo = Emojinal;
		};
/* End PBXContainerItemProxy section */

/* Begin PBXFileReference section */
		18588ABB22D7CCFC00A69772 /* Emojinal.app */ = {isa = PBXFileReference; explicitFileType = wrapper.application; includeInIndex = 0; path = Emojinal.app; sourceTree = BUILT_PRODUCTS_DIR; };
		18588ABE22D7CCFC00A69772 /* AppDelegate.swift */ = {isa = PBXFileReference; lastKnownFileType = sourcecode.swift; path = AppDelegate.swift; sourceTree = "<group>"; };
		18588AC022D7CCFC00A69772 /* ViewController.swift */ = {isa = PBXFileReference; lastKnownFileType = sourcecode.swift; path = ViewController.swift; sourceTree = "<group>"; };
		18588AC322D7CCFC00A69772 /* Base */ = {isa = PBXFileReference; lastKnownFileType = file.storyboard; name = Base; path = Base.lproj/Main.storyboard; sourceTree = "<group>"; };
		18588AC622D7CCFC00A69772 /* Emojinal.xcdatamodel */ = {isa = PBXFileReference; lastKnownFileType = wrapper.xcdatamodel; path = Emojinal.xcdatamodel; sourceTree = "<group>"; };
		18588AC822D7CCFE00A69772 /* Assets.xcassets */ = {isa = PBXFileReference; lastKnownFileType = folder.assetcatalog; path = Assets.xcassets; sourceTree = "<group>"; };
		18588ACB22D7CCFE00A69772 /* Base */ = {isa = PBXFileReference; lastKnownFileType = file.storyboard; name = Base; path = Base.lproj/LaunchScreen.storyboard; sourceTree = "<group>"; };
		18588ACD22D7CCFE00A69772 /* Info.plist */ = {isa = PBXFileReference; lastKnownFileType = text.plist.xml; path = Info.plist; sourceTree = "<group>"; };
		18588AD222D7CCFE00A69772 /* EmojinalTests.xctest */ = {isa = PBXFileReference; explicitFileType = wrapper.cfbundle; includeInIndex = 0; path = EmojinalTests.xctest; sourceTree = BUILT_PRODUCTS_DIR; };
		18588AD622D7CCFE00A69772 /* EmojinalTests.swift */ = {isa = PBXFileReference; lastKnownFileType = sourcecode.swift; path = EmojinalTests.swift; sourceTree = "<group>"; };
		18588AD822D7CCFE00A69772 /* Info.plist */ = {isa = PBXFileReference; lastKnownFileType = text.plist.xml; path = Info.plist; sourceTree = "<group>"; };
		18588ADD22D7CCFE00A69772 /* EmojinalUITests.xctest */ = {isa = PBXFileReference; explicitFileType = wrapper.cfbundle; includeInIndex = 0; path = EmojinalUITests.xctest; sourceTree = BUILT_PRODUCTS_DIR; };
		18588AE122D7CCFE00A69772 /* EmojinalUITests.swift */ = {isa = PBXFileReference; lastKnownFileType = sourcecode.swift; path = EmojinalUITests.swift; sourceTree = "<group>"; };
		18588AE322D7CCFE00A69772 /* Info.plist */ = {isa = PBXFileReference; lastKnownFileType = text.plist.xml; path = Info.plist; sourceTree = "<group>"; };
/* End PBXFileReference section */

/* Begin PBXFrameworksBuildPhase section */
		18588AB822D7CCFC00A69772 /* Frameworks */ = {
			isa = PBXFrameworksBuildPhase;
			buildActionMask = 2147483647;
			files = (
			);
			runOnlyForDeploymentPostprocessing = 0;
		};
		18588ACF22D7CCFE00A69772 /* Frameworks */ = {
			isa = PBXFrameworksBuildPhase;
			buildActionMask = 2147483647;
			files = (
			);
			runOnlyForDeploymentPostprocessing = 0;
		};
		18588ADA22D7CCFE00A69772 /* Frameworks */ = {
			isa = PBXFrameworksBuildPhase;
			buildActionMask = 2147483647;
			files = (
			);
			runOnlyForDeploymentPostprocessing = 0;
		};
/* End PBXFrameworksBuildPhase section */

/* Begin PBXGroup section */
		18588AB222D7CCFC00A69772 = {
			isa = PBXGroup;
			children = (
				18588ABD22D7CCFC00A69772 /* Emojinal */,
				18588AD522D7CCFE00A69772 /* EmojinalTests */,
				18588AE022D7CCFE00A69772 /* EmojinalUITests */,
				18588ABC22D7CCFC00A69772 /* Products */,
			);
			sourceTree = "<group>";
		};
		18588ABC22D7CCFC00A69772 /* Products */ = {
			isa = PBXGroup;
			children = (
				18588ABB22D7CCFC00A69772 /* Emojinal.app */,
				18588AD222D7CCFE00A69772 /* EmojinalTests.xctest */,
				18588ADD22D7CCFE00A69772 /* EmojinalUITests.xctest */,
			);
			name = Products;
			sourceTree = "<group>";
		};
		18588ABD22D7CCFC00A69772 /* Emojinal */ = {
			isa = PBXGroup;
			children = (
				18588ABE22D7CCFC00A69772 /* AppDelegate.swift */,
				18588AC022D7CCFC00A69772 /* ViewController.swift */,
				18588AC222D7CCFC00A69772 /* Main.storyboard */,
				18588AC822D7CCFE00A69772 /* Assets.xcassets */,
				18588ACA22D7CCFE00A69772 /* LaunchScreen.storyboard */,
				18588ACD22D7CCFE00A69772 /* Info.plist */,
				18588AC522D7CCFC00A69772 /* Emojinal.xcdatamodeld */,
			);
			path = Emojinal;
			sourceTree = "<group>";
		};
		18588AD522D7CCFE00A69772 /* EmojinalTests */ = {
			isa = PBXGroup;
			children = (
				18588AD622D7CCFE00A69772 /* EmojinalTests.swift */,
				18588AD822D7CCFE00A69772 /* Info.plist */,
			);
			path = EmojinalTests;
			sourceTree = "<group>";
		};
		18588AE022D7CCFE00A69772 /* EmojinalUITests */ = {
			isa = PBXGroup;
			children = (
				18588AE122D7CCFE00A69772 /* EmojinalUITests.swift */,
				18588AE322D7CCFE00A69772 /* Info.plist */,
			);
			path = EmojinalUITests;
			sourceTree = "<group>";
		};
/* End PBXGroup section */

/* Begin PBXNativeTarget section */
		18588ABA22D7CCFC00A69772 /* Emojinal */ = {
			isa = PBXNativeTarget;
			buildConfigurationList = 18588AE622D7CCFE00A69772 /* Build configuration list for PBXNativeTarget "Emojinal" */;
			buildPhases = (
				18588AB722D7CCFC00A69772 /* Sources */,
				18588AB822D7CCFC00A69772 /* Frameworks */,
				18588AB922D7CCFC00A69772 /* Resources */,
			);
			buildRules = (
			);
			dependencies = (
			);
			name = Emojinal;
			productName = Emojinal;
			productReference = 18588ABB22D7CCFC00A69772 /* Emojinal.app */;
			productType = "com.apple.product-type.application";
		};
		18588AD122D7CCFE00A69772 /* EmojinalTests */ = {
			isa = PBXNativeTarget;
			buildConfigurationList = 18588AE922D7CCFE00A69772 /* Build configuration list for PBXNativeTarget "EmojinalTests" */;
			buildPhases = (
				18588ACE22D7CCFE00A69772 /* Sources */,
				18588ACF22D7CCFE00A69772 /* Frameworks */,
				18588AD022D7CCFE00A69772 /* Resources */,
			);
			buildRules = (
			);
			dependencies = (
				18588AD422D7CCFE00A69772 /* PBXTargetDependency */,
			);
			name = EmojinalTests;
			productName = EmojinalTests;
			productReference = 18588AD222D7CCFE00A69772 /* EmojinalTests.xctest */;
			productType = "com.apple.product-type.bundle.unit-test";
		};
		18588ADC22D7CCFE00A69772 /* EmojinalUITests */ = {
			isa = PBXNativeTarget;
			buildConfigurationList = 18588AEC22D7CCFE00A69772 /* Build configuration list for PBXNativeTarget "EmojinalUITests" */;
			buildPhases = (
				18588AD922D7CCFE00A69772 /* Sources */,
				18588ADA22D7CCFE00A69772 /* Frameworks */,
				18588ADB22D7CCFE00A69772 /* Resources */,
			);
			buildRules = (
			);
			dependencies = (
				18588ADF22D7CCFE00A69772 /* PBXTargetDependency */,
			);
			name = EmojinalUITests;
			productName = EmojinalUITests;
			productReference = 18588ADD22D7CCFE00A69772 /* EmojinalUITests.xctest */;
			productType = "com.apple.product-type.bundle.ui-testing";
		};
/* End PBXNativeTarget section */

/* Begin PBXProject section */
		18588AB322D7CCFC00A69772 /* Project object */ = {
			isa = PBXProject;
			attributes = {
				LastSwiftUpdateCheck = 1020;
				LastUpgradeCheck = 1020;
				ORGANIZATIONNAME = "Lauren Hering";
				TargetAttributes = {
					18588ABA22D7CCFC00A69772 = {
						CreatedOnToolsVersion = 10.2.1;
					};
					18588AD122D7CCFE00A69772 = {
						CreatedOnToolsVersion = 10.2.1;
						TestTargetID = 18588ABA22D7CCFC00A69772;
					};
					18588ADC22D7CCFE00A69772 = {
						CreatedOnToolsVersion = 10.2.1;
						TestTargetID = 18588ABA22D7CCFC00A69772;
					};
				};
			};
			buildConfigurationList = 18588AB622D7CCFC00A69772 /* Build configuration list for PBXProject "Emojinal" */;
			compatibilityVersion = "Xcode 9.3";
			developmentRegion = en;
			hasScannedForEncodings = 0;
			knownRegions = (
				en,
				Base,
			);
			mainGroup = 18588AB222D7CCFC00A69772;
			productRefGroup = 18588ABC22D7CCFC00A69772 /* Products */;
			projectDirPath = "";
			projectRoot = "";
			targets = (
				18588ABA22D7CCFC00A69772 /* Emojinal */,
				18588AD122D7CCFE00A69772 /* EmojinalTests */,
				18588ADC22D7CCFE00A69772 /* EmojinalUITests */,
			);
		};
/* End PBXProject section */

/* Begin PBXResourcesBuildPhase section */
		18588AB922D7CCFC00A69772 /* Resources */ = {
			isa = PBXResourcesBuildPhase;
			buildActionMask = 2147483647;
			files = (
				18588ACC22D7CCFE00A69772 /* LaunchScreen.storyboard in Resources */,
				18588AC922D7CCFE00A69772 /* Assets.xcassets in Resources */,
				18588AC422D7CCFC00A69772 /* Main.storyboard in Resources */,
			);
			runOnlyForDeploymentPostprocessing = 0;
		};
		18588AD022D7CCFE00A69772 /* Resources */ = {
			isa = PBXResourcesBuildPhase;
			buildActionMask = 2147483647;
			files = (
			);
			runOnlyForDeploymentPostprocessing = 0;
		};
		18588ADB22D7CCFE00A69772 /* Resources */ = {
			isa = PBXResourcesBuildPhase;
			buildActionMask = 2147483647;
			files = (
			);
			runOnlyForDeploymentPostprocessing = 0;
		};
/* End PBXResourcesBuildPhase section */

/* Begin PBXSourcesBuildPhase section */
		18588AB722D7CCFC00A69772 /* Sources */ = {
			isa = PBXSourcesBuildPhase;
			buildActionMask = 2147483647;
			files = (
				18588AC122D7CCFC00A69772 /* ViewController.swift in Sources */,
				18588ABF22D7CCFC00A69772 /* AppDelegate.swift in Sources */,
				18588AC722D7CCFC00A69772 /* Emojinal.xcdatamodeld in Sources */,
			);
			runOnlyForDeploymentPostprocessing = 0;
		};
		18588ACE22D7CCFE00A69772 /* Sources */ = {
			isa = PBXSourcesBuildPhase;
			buildActionMask = 2147483647;
			files = (
				18588AD722D7CCFE00A69772 /* EmojinalTests.swift in Sources */,
			);
			runOnlyForDeploymentPostprocessing = 0;
		};
		18588AD922D7CCFE00A69772 /* Sources */ = {
			isa = PBXSourcesBuildPhase;
			buildActionMask = 2147483647;
			files = (
				18588AE222D7CCFE00A69772 /* EmojinalUITests.swift in Sources */,
			);
			runOnlyForDeploymentPostprocessing = 0;
		};
/* End PBXSourcesBuildPhase section */

/* Begin PBXTargetDependency section */
		18588AD422D7CCFE00A69772 /* PBXTargetDependency */ = {
			isa = PBXTargetDependency;
			target = 18588ABA22D7CCFC00A69772 /* Emojinal */;
			targetProxy = 18588AD322D7CCFE00A69772 /* PBXContainerItemProxy */;
		};
		18588ADF22D7CCFE00A69772 /* PBXTargetDependency */ = {
			isa = PBXTargetDependency;
			target = 18588ABA22D7CCFC00A69772 /* Emojinal */;
			targetProxy = 18588ADE22D7CCFE00A69772 /* PBXContainerItemProxy */;
		};
/* End PBXTargetDependency section */

/* Begin PBXVariantGroup section */
		18588AC222D7CCFC00A69772 /* Main.storyboard */ = {
			isa = PBXVariantGroup;
			children = (
				18588AC322D7CCFC00A69772 /* Base */,
			);
			name = Main.storyboard;
			sourceTree = "<group>";
		};
		18588ACA22D7CCFE00A69772 /* LaunchScreen.storyboard */ = {
			isa = PBXVariantGroup;
			children = (
				18588ACB22D7CCFE00A69772 /* Base */,
			);
			name = LaunchScreen.storyboard;
			sourceTree = "<group>";
		};
/* End PBXVariantGroup section */

/* Begin XCBuildConfiguration section */
		18588AE422D7CCFE00A69772 /* Debug */ = {
			isa = XCBuildConfiguration;
			buildSettings = {
				ALWAYS_SEARCH_USER_PATHS = NO;
				CLANG_ANALYZER_NONNULL = YES;
				CLANG_ANALYZER_NUMBER_OBJECT_CONVERSION = YES_AGGRESSIVE;
				CLANG_CXX_LANGUAGE_STANDARD = "gnu++14";
				CLANG_CXX_LIBRARY = "libc++";
				CLANG_ENABLE_MODULES = YES;
				CLANG_ENABLE_OBJC_ARC = YES;
				CLANG_ENABLE_OBJC_WEAK = YES;
				CLANG_WARN_BLOCK_CAPTURE_AUTORELEASING = YES;
				CLANG_WARN_BOOL_CONVERSION = YES;
				CLANG_WARN_COMMA = YES;
				CLANG_WARN_CONSTANT_CONVERSION = YES;
				CLANG_WARN_DEPRECATED_OBJC_IMPLEMENTATIONS = YES;
				CLANG_WARN_DIRECT_OBJC_ISA_USAGE = YES_ERROR;
				CLANG_WARN_DOCUMENTATION_COMMENTS = YES;
				CLANG_WARN_EMPTY_BODY = YES;
				CLANG_WARN_ENUM_CONVERSION = YES;
				CLANG_WARN_INFINITE_RECURSION = YES;
				CLANG_WARN_INT_CONVERSION = YES;
				CLANG_WARN_NON_LITERAL_NULL_CONVERSION = YES;
				CLANG_WARN_OBJC_IMPLICIT_RETAIN_SELF = YES;
				CLANG_WARN_OBJC_LITERAL_CONVERSION = YES;
				CLANG_WARN_OBJC_ROOT_CLASS = YES_ERROR;
				CLANG_WARN_RANGE_LOOP_ANALYSIS = YES;
				CLANG_WARN_STRICT_PROTOTYPES = YES;
				CLANG_WARN_SUSPICIOUS_MOVE = YES;
				CLANG_WARN_UNGUARDED_AVAILABILITY = YES_AGGRESSIVE;
				CLANG_WARN_UNREACHABLE_CODE = YES;
				CLANG_WARN__DUPLICATE_METHOD_MATCH = YES;
				CODE_SIGN_IDENTITY = "iPhone Developer";
				COPY_PHASE_STRIP = NO;
				DEBUG_INFORMATION_FORMAT = dwarf;
				ENABLE_STRICT_OBJC_MSGSEND = YES;
				ENABLE_TESTABILITY = YES;
				GCC_C_LANGUAGE_STANDARD = gnu11;
				GCC_DYNAMIC_NO_PIC = NO;
				GCC_NO_COMMON_BLOCKS = YES;
				GCC_OPTIMIZATION_LEVEL = 0;
				GCC_PREPROCESSOR_DEFINITIONS = (
					"DEBUG=1",
					"$(inherited)",
				);
				GCC_WARN_64_TO_32_BIT_CONVERSION = YES;
				GCC_WARN_ABOUT_RETURN_TYPE = YES_ERROR;
				GCC_WARN_UNDECLARED_SELECTOR = YES;
				GCC_WARN_UNINITIALIZED_AUTOS = YES_AGGRESSIVE;
				GCC_WARN_UNUSED_FUNCTION = YES;
				GCC_WARN_UNUSED_VARIABLE = YES;
				IPHONEOS_DEPLOYMENT_TARGET = 12.2;
				MTL_ENABLE_DEBUG_INFO = INCLUDE_SOURCE;
				MTL_FAST_MATH = YES;
				ONLY_ACTIVE_ARCH = YES;
				SDKROOT = iphoneos;
				SWIFT_ACTIVE_COMPILATION_CONDITIONS = DEBUG;
				SWIFT_OPTIMIZATION_LEVEL = "-Onone";
			};
			name = Debug;
		};
		18588AE522D7CCFE00A69772 /* Release */ = {
			isa = XCBuildConfiguration;
			buildSettings = {
				ALWAYS_SEARCH_USER_PATHS = NO;
				CLANG_ANALYZER_NONNULL = YES;
				CLANG_ANALYZER_NUMBER_OBJECT_CONVERSION = YES_AGGRESSIVE;
				CLANG_CXX_LANGUAGE_STANDARD = "gnu++14";
				CLANG_CXX_LIBRARY = "libc++";
				CLANG_ENABLE_MODULES = YES;
				CLANG_ENABLE_OBJC_ARC = YES;
				CLANG_ENABLE_OBJC_WEAK = YES;
				CLANG_WARN_BLOCK_CAPTURE_AUTORELEASING = YES;
				CLANG_WARN_BOOL_CONVERSION = YES;
				CLANG_WARN_COMMA = YES;
				CLANG_WARN_CONSTANT_CONVERSION = YES;
				CLANG_WARN_DEPRECATED_OBJC_IMPLEMENTATIONS = YES;
				CLANG_WARN_DIRECT_OBJC_ISA_USAGE = YES_ERROR;
				CLANG_WARN_DOCUMENTATION_COMMENTS = YES;
				CLANG_WARN_EMPTY_BODY = YES;
				CLANG_WARN_ENUM_CONVERSION = YES;
				CLANG_WARN_INFINITE_RECURSION = YES;
				CLANG_WARN_INT_CONVERSION = YES;
				CLANG_WARN_NON_LITERAL_NULL_CONVERSION = YES;
				CLANG_WARN_OBJC_IMPLICIT_RETAIN_SELF = YES;
				CLANG_WARN_OBJC_LITERAL_CONVERSION = YES;
				CLANG_WARN_OBJC_ROOT_CLASS = YES_ERROR;
				CLANG_WARN_RANGE_LOOP_ANALYSIS = YES;
				CLANG_WARN_STRICT_PROTOTYPES = YES;
				CLANG_WARN_SUSPICIOUS_MOVE = YES;
				CLANG_WARN_UNGUARDED_AVAILABILITY = YES_AGGRESSIVE;
				CLANG_WARN_UNREACHABLE_CODE = YES;
				CLANG_WARN__DUPLICATE_METHOD_MATCH = YES;
				CODE_SIGN_IDENTITY = "iPhone Developer";
				COPY_PHASE_STRIP = NO;
				DEBUG_INFORMATION_FORMAT = "dwarf-with-dsym";
				ENABLE_NS_ASSERTIONS = NO;
				ENABLE_STRICT_OBJC_MSGSEND = YES;
				GCC_C_LANGUAGE_STANDARD = gnu11;
				GCC_NO_COMMON_BLOCKS = YES;
				GCC_WARN_64_TO_32_BIT_CONVERSION = YES;
				GCC_WARN_ABOUT_RETURN_TYPE = YES_ERROR;
				GCC_WARN_UNDECLARED_SELECTOR = YES;
				GCC_WARN_UNINITIALIZED_AUTOS = YES_AGGRESSIVE;
				GCC_WARN_UNUSED_FUNCTION = YES;
				GCC_WARN_UNUSED_VARIABLE = YES;
				IPHONEOS_DEPLOYMENT_TARGET = 12.2;
				MTL_ENABLE_DEBUG_INFO = NO;
				MTL_FAST_MATH = YES;
				SDKROOT = iphoneos;
				SWIFT_COMPILATION_MODE = wholemodule;
				SWIFT_OPTIMIZATION_LEVEL = "-O";
				VALIDATE_PRODUCT = YES;
			};
			name = Release;
		};
		18588AE722D7CCFE00A69772 /* Debug */ = {
			isa = XCBuildConfiguration;
			buildSettings = {
				ASSETCATALOG_COMPILER_APPICON_NAME = AppIcon;
				CODE_SIGN_STYLE = Automatic;
				DEVELOPMENT_TEAM = P9UMA73KLZ;
				INFOPLIST_FILE = Emojinal/Info.plist;
				LD_RUNPATH_SEARCH_PATHS = (
					"$(inherited)",
					"@executable_path/Frameworks",
				);
				PRODUCT_BUNDLE_IDENTIFIER = KWK.Emojinal;
				PRODUCT_NAME = "$(TARGET_NAME)";
				SWIFT_VERSION = 5.0;
				TARGETED_DEVICE_FAMILY = "1,2";
			};
			name = Debug;
		};
		18588AE822D7CCFE00A69772 /* Release */ = {
			isa = XCBuildConfiguration;
			buildSettings = {
				ASSETCATALOG_COMPILER_APPICON_NAME = AppIcon;
				CODE_SIGN_STYLE = Automatic;
				DEVELOPMENT_TEAM = P9UMA73KLZ;
				INFOPLIST_FILE = Emojinal/Info.plist;
				LD_RUNPATH_SEARCH_PATHS = (
					"$(inherited)",
					"@executable_path/Frameworks",
				);
				PRODUCT_BUNDLE_IDENTIFIER = KWK.Emojinal;
				PRODUCT_NAME = "$(TARGET_NAME)";
				SWIFT_VERSION = 5.0;
				TARGETED_DEVICE_FAMILY = "1,2";
			};
			name = Release;
		};
		18588AEA22D7CCFE00A69772 /* Debug */ = {
			isa = XCBuildConfiguration;
			buildSettings = {
				ALWAYS_EMBED_SWIFT_STANDARD_LIBRARIES = YES;
				BUNDLE_LOADER = "$(TEST_HOST)";
				CODE_SIGN_STYLE = Automatic;
				DEVELOPMENT_TEAM = P9UMA73KLZ;
				INFOPLIST_FILE = EmojinalTests/Info.plist;
				LD_RUNPATH_SEARCH_PATHS = (
					"$(inherited)",
					"@executable_path/Frameworks",
					"@loader_path/Frameworks",
				);
				PRODUCT_BUNDLE_IDENTIFIER = KWK.EmojinalTests;
				PRODUCT_NAME = "$(TARGET_NAME)";
				SWIFT_VERSION = 5.0;
				TARGETED_DEVICE_FAMILY = "1,2";
				TEST_HOST = "$(BUILT_PRODUCTS_DIR)/Emojinal.app/Emojinal";
			};
			name = Debug;
		};
		18588AEB22D7CCFE00A69772 /* Release */ = {
			isa = XCBuildConfiguration;
			buildSettings = {
				ALWAYS_EMBED_SWIFT_STANDARD_LIBRARIES = YES;
				BUNDLE_LOADER = "$(TEST_HOST)";
				CODE_SIGN_STYLE = Automatic;
				DEVELOPMENT_TEAM = P9UMA73KLZ;
				INFOPLIST_FILE = EmojinalTests/Info.plist;
				LD_RUNPATH_SEARCH_PATHS = (
					"$(inherited)",
					"@executable_path/Frameworks",
					"@loader_path/Frameworks",
				);
				PRODUCT_BUNDLE_IDENTIFIER = KWK.EmojinalTests;
				PRODUCT_NAME = "$(TARGET_NAME)";
				SWIFT_VERSION = 5.0;
				TARGETED_DEVICE_FAMILY = "1,2";
				TEST_HOST = "$(BUILT_PRODUCTS_DIR)/Emojinal.app/Emojinal";
			};
			name = Release;
		};
		18588AED22D7CCFE00A69772 /* Debug */ = {
			isa = XCBuildConfiguration;
			buildSettings = {
				ALWAYS_EMBED_SWIFT_STANDARD_LIBRARIES = YES;
				CODE_SIGN_STYLE = Automatic;
				DEVELOPMENT_TEAM = P9UMA73KLZ;
				INFOPLIST_FILE = EmojinalUITests/Info.plist;
				LD_RUNPATH_SEARCH_PATHS = (
					"$(inherited)",
					"@executable_path/Frameworks",
					"@loader_path/Frameworks",
				);
				PRODUCT_BUNDLE_IDENTIFIER = KWK.EmojinalUITests;
				PRODUCT_NAME = "$(TARGET_NAME)";
				SWIFT_VERSION = 5.0;
				TARGETED_DEVICE_FAMILY = "1,2";
				TEST_TARGET_NAME = Emojinal;
			};
			name = Debug;
		};
		18588AEE22D7CCFE00A69772 /* Release */ = {
			isa = XCBuildConfiguration;
			buildSettings = {
				ALWAYS_EMBED_SWIFT_STANDARD_LIBRARIES = YES;
				CODE_SIGN_STYLE = Automatic;
				DEVELOPMENT_TEAM = P9UMA73KLZ;
				INFOPLIST_FILE = EmojinalUITests/Info.plist;
				LD_RUNPATH_SEARCH_PATHS = (
					"$(inherited)",
					"@executable_path/Frameworks",
					"@loader_path/Frameworks",
				);
				PRODUCT_BUNDLE_IDENTIFIER = KWK.EmojinalUITests;
				PRODUCT_NAME = "$(TARGET_NAME)";
				SWIFT_VERSION = 5.0;
				TARGETED_DEVICE_FAMILY = "1,2";
				TEST_TARGET_NAME = Emojinal;
			};
			name = Release;
		};
/* End XCBuildConfiguration section */

/* Begin XCConfigurationList section */
		18588AB622D7CCFC00A69772 /* Build configuration list for PBXProject "Emojinal" */ = {
			isa = XCConfigurationList;
			buildConfigurations = (
				18588AE422D7CCFE00A69772 /* Debug */,
				18588AE522D7CCFE00A69772 /* Release */,
			);
			defaultConfigurationIsVisible = 0;
			defaultConfigurationName = Release;
		};
		18588AE622D7CCFE00A69772 /* Build configuration list for PBXNativeTarget "Emojinal" */ = {
			isa = XCConfigurationList;
			buildConfigurations = (
				18588AE722D7CCFE00A69772 /* Debug */,
				18588AE822D7CCFE00A69772 /* Release */,
			);
			defaultConfigurationIsVisible = 0;
			defaultConfigurationName = Release;
		};
		18588AE922D7CCFE00A69772 /* Build configuration list for PBXNativeTarget "EmojinalTests" */ = {
			isa = XCConfigurationList;
			buildConfigurations = (
				18588AEA22D7CCFE00A69772 /* Debug */,
				18588AEB22D7CCFE00A69772 /* Release */,
			);
			defaultConfigurationIsVisible = 0;
			defaultConfigurationName = Release;
		};
		18588AEC22D7CCFE00A69772 /* Build configuration list for PBXNativeTarget "EmojinalUITests" */ = {
			isa = XCConfigurationList;
			buildConfigurations = (
				18588AED22D7CCFE00A69772 /* Debug */,
				18588AEE22D7CCFE00A69772 /* Release */,
			);
			defaultConfigurationIsVisible = 0;
			defaultConfigurationName = Release;
		};
/* End XCConfigurationList section */

/* Begin XCVersionGroup section */
		18588AC522D7CCFC00A69772 /* Emojinal.xcdatamodeld */ = {
			isa = XCVersionGroup;
			children = (
				18588AC622D7CCFC00A69772 /* Emojinal.xcdatamodel */,
			);
			currentVersion = 18588AC622D7CCFC00A69772 /* Emojinal.xcdatamodel */;
			path = Emojinal.xcdatamodeld;
			sourceTree = "<group>";
			versionGroupType = wrapper.xcdatamodel;
		};
/* End XCVersionGroup section */
	};
	rootObject = 18588AB322D7CCFC00A69772 /* Project object */;
}
